uuid: 41db82ae-b046-4848-88df-b3ada7cc27b5
langcode: en
status: true
dependencies:
  config:
    - views.view.search
  module:
    - system
    - views
  theme:
    - bartik
id: search_page_block
theme: bartik
region: content
weight: 0
provider: null
plugin: 'views_exposed_filter_block:search-page_1'
settings:
  id: 'views_exposed_filter_block:search-page_1'
  label: ''
  provider: views
  label_display: '0'
  views_label: ''
visibility:
  request_path:
    id: request_path
    pages: "<front>\r\n/search"
    negate: false
    context_mapping: {  }
