uuid: cc8416ee-0d8c-400c-a271-3ceb55558101
langcode: en
status: true
dependencies:
  module:
    - sfgov_search
    - system
  theme:
    - sfgovpl
id: sfgovsearchblock
theme: sfgovpl
region: header
weight: 0
provider: null
plugin: sfgov_search_form_block
settings:
  id: sfgov_search_form_block
  label: 'SF Gov Search Block'
  provider: sfgov_search
  label_display: '0'
visibility:
  request_path:
    id: request_path
    pages: /search
    negate: true
    context_mapping: {  }
