uuid: b4516e34-bc9d-4ef3-80b0-5a7868ddd239
langcode: en
status: true
dependencies:
  config:
    - views.view.search
  module:
    - system
    - views
  theme:
    - bartik
id: search_header_block
theme: bartik
region: header
weight: 0
provider: null
plugin: 'views_exposed_filter_block:search-page_1'
settings:
  id: 'views_exposed_filter_block:search-page_1'
  label: ''
  provider: views
  label_display: '0'
  views_label: ''
visibility:
  request_path:
    id: request_path
    pages: "<front>\r\n/search"
    negate: true
    context_mapping: {  }
