uuid: b6162378-6e22-4e6b-8c2a-ed2ef5b0e63a
langcode: en
status: false
dependencies:
  config:
    - views.view.services
  module:
    - ctools
    - views
  theme:
    - sfgovpl
id: department_services_listing_block
theme: sfgovpl
region: content
weight: -3
provider: null
plugin: 'views_block:services-block_2'
settings:
  id: 'views_block:services-block_2'
  label: ''
  provider: views
  label_display: visible
  views_label: ''
  items_per_page: none
  context_mapping: {  }
visibility:
  'entity_bundle:node':
    id: 'entity_bundle:node'
    bundles:
      department: department
    negate: false
    context_mapping:
      node: '@node.node_route_context:node'
