uuid: 941f037f-6d9f-4c7f-b901-a1241214a573
langcode: en
status: true
dependencies:
  module:
    - sfgov_alerts
  theme:
    - sfgovpl
id: alertblock
theme: sfgovpl
region: alpha
weight: -13
provider: null
plugin: alert_block
settings:
  id: alert_block
  label: 'Alert block'
  provider: sfgov_alerts
  label_display: '0'
  alert_expiration: '2025-05-05'
  alert_text: 'test1265656<a href="/text">text</a>'
visibility: {  }
