uuid: 941f037f-6d9f-4c7f-b901-a1241214a573
langcode: en
status: true
dependencies:
  module:
    - sfgov_alerts
  theme:
    - sfgovpl
id: alertblock
theme: sfgovpl
region: alpha
weight: -13
provider: null
plugin: alert_block
settings:
  id: alert_block
  label: 'Alert block'
  provider: sfgov_alerts
  label_display: '0'
  number: '5'
  alert_text: 'this text has changed.'
  expiration_date: ''
visibility: {  }
