uuid: 73502531-e1c2-427d-b5f4-e04be4fa88e2
langcode: en
status: true
dependencies:
  config:
    - views.view.services
  module:
    - ctools
    - views
  theme:
    - sfgovpl
id: topic_services_listing_block
theme: sfgovpl
region: content
weight: -4
provider: null
plugin: 'views_block:services-block_1'
settings:
  id: 'views_block:services-block_1'
  label: ''
  provider: views
  label_display: visible
  views_label: ''
  items_per_page: none
  context_mapping: {  }
visibility:
  'entity_bundle:node':
    id: 'entity_bundle:node'
    bundles:
      topic: topic
    negate: false
    context_mapping:
      node: '@node.node_route_context:node'
