uuid: c38431a7-c991-4c0e-ae22-a4f82d7ff4bc
langcode: en
status: true
dependencies:
  config:
    - simple_block.simple_block.alpha_banner_block
  module:
    - simple_block
  theme:
    - sfgovpl
id: alphabannerblock
theme: sfgovpl
region: alpha
weight: 0
provider: null
plugin: 'simple_block:alpha_banner_block'
settings:
  id: 'simple_block:alpha_banner_block'
  label: 'Alpha Banner Block'
  provider: simple_block
  label_display: '0'
visibility: {  }
