uuid: 891fa8b2-c980-4677-b09f-75823696e7ec
langcode: en
status: true
dependencies:
  module:
    - sfgov_search
    - system
  theme:
    - sfgovpl
id: sfgovsearchblock
theme: sfgovpl
region: header
weight: 0
provider: null
plugin: sfgov_search_form_block
settings:
  id: sfgov_search_form_block
  label: 'SF Gov Search Block'
  provider: sfgov_search
  label_display: visible
visibility:
  request_path:
    id: request_path
    pages: '<front>'
    negate: true
    context_mapping: {  }
