uuid: ec1d0458-26c1-4822-a475-2feddc282f66
langcode: en
status: true
dependencies:
  config:
    - core.entity_view_mode.paragraph.block
    - field.field.paragraph.form_io.field_custom_form_strings
    - field.field.paragraph.form_io.field_form_strings
    - field.field.paragraph.form_io.field_formio_confirmation_url
    - field.field.paragraph.form_io.field_formio_data_source
    - field.field.paragraph.form_io.field_formio_json_content
    - field.field.paragraph.form_io.field_formio_page_layout
    - field.field.paragraph.form_io.field_formio_render_options
    - field.field.paragraph.form_io.field_get_formio_strings
    - paragraphs.paragraphs_type.form_io
id: paragraph.form_io.block
targetEntityType: paragraph
bundle: form_io
mode: block
content:
  field_formio_confirmation_url:
    type: string
    label: hidden
    settings:
      link_to_entity: false
    third_party_settings: {  }
    weight: 4
    region: content
  field_formio_data_source:
    type: string
    label: hidden
    settings:
      link_to_entity: false
    third_party_settings: {  }
    weight: 0
    region: content
  field_formio_render_options:
    type: basic_string
    label: hidden
    settings: {  }
    third_party_settings: {  }
    weight: 3
    region: content
hidden:
  field_custom_form_strings: true
  field_form_strings: true
  field_formio_json_content: true
  field_formio_page_layout: true
  field_get_formio_strings: true
  search_api_excerpt: true
