uuid: 199daa94-ac72-40d3-a9f6-cb4842ed4c79
langcode: en
status: true
dependencies:
  config:
    - field.storage.paragraph.field_block
    - paragraphs.paragraphs_type.instagram_feed
  module:
    - block_field
    - tmgmt_content
third_party_settings:
  tmgmt_content:
    excluded: false
id: paragraph.instagram_feed.field_block
field_name: field_block
entity_type: paragraph
bundle: instagram_feed
label: Instagram
description: ''
required: false
translatable: true
default_value:
  -
    plugin_id: simple_instagram_block
    settings:
      id: simple_instagram_block
      label: 'Simple Instagram Feed'
      provider: simple_instagram_feed
      label_display: visible
      simple_instagram_username: instagram
      simple_instagram_display_profile: 0
      simple_instagram_display_biography: 0
      simple_instagram_items: '12'
      simple_instagram_items_per_row: '2'
      simple_instagram_styling: 'false'
default_value_callback: ''
settings:
  selection: blocks
  selection_settings: {  }
field_type: block_field
