uuid: 4d4e55f6-a2ae-4368-ba2d-50fd335fdea5
langcode: en
status: true
dependencies:
  config:
    - field.storage.paragraph.field_block
    - paragraphs.paragraphs_type.block
  module:
    - block_field
id: paragraph.block.field_block
field_name: field_block
entity_type: paragraph
bundle: block
label: Block
description: ''
required: false
translatable: true
default_value: {  }
default_value_callback: ''
settings:
  plugin_ids:
    sfgov_search_form_block: sfgov_search_form_block
    'simple_block:new_website_san_francisco': 'simple_block:new_website_san_francisco'
    'views_exposed_filter_block:search-page_1': 'views_exposed_filter_block:search-page_1'
field_type: block_field
