uuid: f4dc7d79-6a5d-4caf-b026-bb8d227f6737
langcode: en
status: true
dependencies:
  config:
    - paragraphs.paragraphs_type.block
  module:
    - content_translation
third_party_settings:
  content_translation:
    enabled: true
    bundle_settings:
      untranslatable_fields_hide: '0'
id: paragraph.block
target_entity_type_id: paragraph
target_bundle: block
default_langcode: site_default
language_alterable: true
