uuid: d746ac9d-0e69-432a-8df2-96bd06018214
langcode: en
status: true
dependencies:
  config:
    - filter.format.sf_basic_html
id: alpha_banner_block
title: 'Alpha Banner Block'
content:
  value: "<p>This is a new citywide website. <a href=\"/about-this-website\">Learn more</a>.</p>\r\n"
  format: sf_basic_html
