uuid: d746ac9d-0e69-432a-8df2-96bd06018214
langcode: en
status: true
dependencies:
  config:
    - filter.format.sf_basic_html
id: alpha_banner_block
title: 'Alpha Banner Block'
content:
  value: "<p>This site is in progress. Visit <a href=\"https://sfgov.org\" target=\"_blank\">sfgov.org</a> for the current.</p>\r\n"
  format: sf_basic_html
